<?xml version="1.0" encoding="utf-8"?>
<Project ToolsVersion="4.0" xmlns="http://schemas.microsoft.com/developer/msbuild/2003">
  <ItemGroup>
    <Filter Include="Source Files">
      <UniqueIdentifier>{6e5d804b-9131-4185-83da-1876ac3f1c19}</UniqueIdentifier>
      <Extensions>cpp;c;cxx;rc;def;r;odl;idl;hpj;bat</Extensions>
    </Filter>
    <Filter Include="Header Files">
      <UniqueIdentifier>{c9d930ca-3999-41f4-91d9-a7f7e828593e}</UniqueIdentifier>
      <Extensions>h;hpp;hxx;hm;inl</Extensions>
    </Filter>
  </ItemGroup>
  <ItemGroup>
    <ClCompile Include="CH341PAR.cpp">
      <Filter>Source Files</Filter>
    </ClCompile>
    <ClCompile Include="CH341PARDlg.cpp">
      <Filter>Source Files</Filter>
    </ClCompile>
    <ClCompile Include="EeprPage.cpp">
      <Filter>Source Files</Filter>
    </ClCompile>
    <ClCompile Include="EppPage.cpp">
      <Filter>Source Files</Filter>
    </ClCompile>
    <ClCompile Include="I2CSPage.cpp">
      <Filter>Source Files</Filter>
    </ClCompile>
    <ClCompile Include="LEDBTDisp.cpp">
      <Filter>Source Files</Filter>
    </ClCompile>
    <ClCompile Include="MemPage.cpp">
      <Filter>Source Files</Filter>
    </ClCompile>
    <ClCompile Include="OtherPage.cpp">
      <Filter>Source Files</Filter>
    </ClCompile>
    <ClCompile Include="Public.cpp">
      <Filter>Source Files</Filter>
    </ClCompile>
    <ClCompile Include="StdAfx.cpp">
      <Filter>Source Files</Filter>
    </ClCompile>
  </ItemGroup>
  <ItemGroup>
    <ResourceCompile Include="CH341PAR.rc">
      <Filter>Source Files</Filter>
    </ResourceCompile>
  </ItemGroup>
  <ItemGroup>
    <ClInclude Include="CH341DLL.H">
      <Filter>Header Files</Filter>
    </ClInclude>
    <ClInclude Include="CH341PAR.h">
      <Filter>Header Files</Filter>
    </ClInclude>
    <ClInclude Include="CH341PARDlg.h">
      <Filter>Header Files</Filter>
    </ClInclude>
    <ClInclude Include="EeprPage.h">
      <Filter>Header Files</Filter>
    </ClInclude>
    <ClInclude Include="EppPage.h">
      <Filter>Header Files</Filter>
    </ClInclude>
    <ClInclude Include="I2CSPage.h">
      <Filter>Header Files</Filter>
    </ClInclude>
    <ClInclude Include="LEDBTDisp.h">
      <Filter>Header Files</Filter>
    </ClInclude>
    <ClInclude Include="MemPage.h">
      <Filter>Header Files</Filter>
    </ClInclude>
    <ClInclude Include="OtherPage.h">
      <Filter>Header Files</Filter>
    </ClInclude>
    <ClInclude Include="Public.h">
      <Filter>Header Files</Filter>
    </ClInclude>
    <ClInclude Include="Resource.h">
      <Filter>Header Files</Filter>
    </ClInclude>
    <ClInclude Include="StdAfx.h">
      <Filter>Header Files</Filter>
    </ClInclude>
    <ClInclude Include="Total.h">
      <Filter>Header Files</Filter>
    </ClInclude>
  </ItemGroup>
  <ItemGroup>
    <Image Include="res\CH341PAR.ico" />
  </ItemGroup>
</Project>